// !$*UTF8*$!
{
	archiveVersion = 1;
	classes = {
	};
	objectVersion = 50;
	objects = {

/* Begin PBXBuildFile section */
		DD9E05A52711ACED00F85389 /* libglfw3.a in Frameworks */ = {isa = PBXBuildFile; fileRef = DD9E05A42711ACD700F85389 /* libglfw3.a */; };
		DD9E05A72711ACF800F85389 /* libGLEW.a in Frameworks */ = {isa = PBXBuildFile; fileRef = DD9E05A62711ACF800F85389 /* libGLEW.a */; };
		DDC5293D26F8DE4C0019C623 /* main.cpp in Sources */ = {isa = PBXBuildFile; fileRef = DDC5293C26F8DE4C0019C623 /* main.cpp */; };
		DDC5294526F8E11C0019C623 /* OpenGL.framework in Frameworks */ = {isa = PBXBuildFile; fileRef = DDC5294426F8E11C0019C623 /* OpenGL.framework */; };
		DDC5294726F8E1290019C623 /* IOKit.framework in Frameworks */ = {isa = PBXBuildFile; fileRef = DDC5294626F8E1290019C623 /* IOKit.framework */; };
		DDC5294926F8E1320019C623 /* CoreVideo.framework in Frameworks */ = {isa = PBXBuildFile; fileRef = DDC5294826F8E1320019C623 /* CoreVideo.framework */; };
/* End PBXBuildFile section */

/* Begin PBXCopyFilesBuildPhase section */
		DDC5293726F8DE4C0019C623 /* CopyFiles */ = {
			isa = PBXCopyFilesBuildPhase;
			buildActionMask = 2147483647;
			dstPath = /usr/share/man/man1/;
			dstSubfolderSpec = 0;
			files = (
			);
			runOnlyForDeploymentPostprocessing = 1;
		};
/* End PBXCopyFilesBuildPhase section */

/* Begin PBXFileReference section */
		DD9E059F2711A85700F85389 /* libglfw3.a */ = {isa = PBXFileReference; lastKnownFileType = archive.ar; name = libglfw3.a; path = ../../libglfw3.a; sourceTree = "<group>"; };
		DD9E05A12711A86100F85389 /* libGLEW.a */ = {isa = PBXFileReference; lastKnownFileType = archive.ar; name = libGLEW.a; path = ../../libGLEW.a; sourceTree = "<group>"; };
		DD9E05A42711ACD700F85389 /* libglfw3.a */ = {isa = PBXFileReference; lastKnownFileType = archive.ar; name = libglfw3.a; path = ../../../homebrew/lib/libglfw3.a; sourceTree = "<group>"; };
		DD9E05A62711ACF800F85389 /* libGLEW.a */ = {isa = PBXFileReference; lastKnownFileType = archive.ar; name = libGLEW.a; path = ../../../homebrew/Cellar/glew/2.2.0_1/lib/libGLEW.a; sourceTree = "<group>"; };
		DDC5293926F8DE4C0019C623 /* test_ogl */ = {isa = PBXFileReference; explicitFileType = "compiled.mach-o.executable"; includeInIndex = 0; path = test_ogl; sourceTree = BUILT_PRODUCTS_DIR; };
		DDC5293C26F8DE4C0019C623 /* main.cpp */ = {isa = PBXFileReference; lastKnownFileType = sourcecode.cpp.cpp; path = main.cpp; sourceTree = "<group>"; };
		DDC5294426F8E11C0019C623 /* OpenGL.framework */ = {isa = PBXFileReference; lastKnownFileType = wrapper.framework; name = OpenGL.framework; path = System/Library/Frameworks/OpenGL.framework; sourceTree = SDKROOT; };
		DDC5294626F8E1290019C623 /* IOKit.framework */ = {isa = PBXFileReference; lastKnownFileType = wrapper.framework; name = IOKit.framework; path = System/Library/Frameworks/IOKit.framework; sourceTree = SDKROOT; };
		DDC5294826F8E1320019C623 /* CoreVideo.framework */ = {isa = PBXFileReference; lastKnownFileType = wrapper.framework; name = CoreVideo.framework; path = System/Library/Frameworks/CoreVideo.framework; sourceTree = SDKROOT; };
		DDC5294A26F8E13A0019C623 /* Cocoa.framework */ = {isa = PBXFileReference; lastKnownFileType = wrapper.framework; name = Cocoa.framework; path = System/Library/Frameworks/Cocoa.framework; sourceTree = SDKROOT; };
		DDC5294C26F8E4C10019C623 /* libGLEW.a */ = {isa = PBXFileReference; lastKnownFileType = archive.ar; name = libGLEW.a; path = ../libGLEW.a; sourceTree = "<group>"; };
		DDC5295026F8EC330019C623 /* libglfw3.a */ = {isa = PBXFileReference; lastKnownFileType = archive.ar; name = libglfw3.a; path = "../../Downloads/glfw-3.3.4.bin.MACOS/lib-x86_64/libglfw3.a"; sourceTree = "<group>"; };
		DDC5295226F8ED210019C623 /* libglfw3.a */ = {isa = PBXFileReference; lastKnownFileType = archive.ar; name = libglfw3.a; path = "../../Downloads/glfw-3.3.4.bin.MACOS/lib-universal/libglfw3.a"; sourceTree = "<group>"; };
		DDC5295426F8EE720019C623 /* libglfw3.a */ = {isa = PBXFileReference; lastKnownFileType = archive.ar; name = libglfw3.a; path = ../libglfw3.a; sourceTree = "<group>"; };
/* End PBXFileReference section */

/* Begin PBXFrameworksBuildPhase section */
		DDC5293626F8DE4C0019C623 /* Frameworks */ = {
			isa = PBXFrameworksBuildPhase;
			buildActionMask = 2147483647;
			files = (
				DD9E05A72711ACF800F85389 /* libGLEW.a in Frameworks */,
				DD9E05A52711ACED00F85389 /* libglfw3.a in Frameworks */,
				DDC5294526F8E11C0019C623 /* OpenGL.framework in Frameworks */,
				DDC5294726F8E1290019C623 /* IOKit.framework in Frameworks */,
				DDC5294926F8E1320019C623 /* CoreVideo.framework in Frameworks */,
			);
			runOnlyForDeploymentPostprocessing = 0;
		};
/* End PBXFrameworksBuildPhase section */

/* Begin PBXGroup section */
		DDC5293026F8DE4B0019C623 = {
			isa = PBXGroup;
			children = (
				DDC5293B26F8DE4C0019C623 /* test_ogl */,
				DDC5293A26F8DE4C0019C623 /* Products */,
				DDC5294326F8E11B0019C623 /* Frameworks */,
			);
			sourceTree = "<group>";
		};
		DDC5293A26F8DE4C0019C623 /* Products */ = {
			isa = PBXGroup;
			children = (
				DDC5293926F8DE4C0019C623 /* test_ogl */,
			);
			name = Products;
			sourceTree = "<group>";
		};
		DDC5293B26F8DE4C0019C623 /* test_ogl */ = {
			isa = PBXGroup;
			children = (
				DDC5293C26F8DE4C0019C623 /* main.cpp */,
			);
			path = test_ogl;
			sourceTree = "<group>";
		};
		DDC5294326F8E11B0019C623 /* Frameworks */ = {
			isa = PBXGroup;
			children = (
				DD9E05A62711ACF800F85389 /* libGLEW.a */,
				DD9E05A42711ACD700F85389 /* libglfw3.a */,
				DD9E05A12711A86100F85389 /* libGLEW.a */,
				DDC5295026F8EC330019C623 /* libglfw3.a */,
				DDC5295226F8ED210019C623 /* libglfw3.a */,
				DDC5295426F8EE720019C623 /* libglfw3.a */,
				DD9E059F2711A85700F85389 /* libglfw3.a */,
				DDC5294C26F8E4C10019C623 /* libGLEW.a */,
				DDC5294A26F8E13A0019C623 /* Cocoa.framework */,
				DDC5294826F8E1320019C623 /* CoreVideo.framework */,
				DDC5294626F8E1290019C623 /* IOKit.framework */,
				DDC5294426F8E11C0019C623 /* OpenGL.framework */,
			);
			name = Frameworks;
			sourceTree = "<group>";
		};
/* End PBXGroup section */

/* Begin PBXNativeTarget section */
		DDC5293826F8DE4C0019C623 /* test_ogl */ = {
			isa = PBXNativeTarget;
			buildConfigurationList = DDC5294026F8DE4C0019C623 /* Build configuration list for PBXNativeTarget "test_ogl" */;
			buildPhases = (
				DDC5293526F8DE4C0019C623 /* Sources */,
				DDC5293626F8DE4C0019C623 /* Frameworks */,
				DDC5293726F8DE4C0019C623 /* CopyFiles */,
			);
			buildRules = (
			);
			dependencies = (
			);
			name = test_ogl;
			productName = test_ogl;
			productReference = DDC5293926F8DE4C0019C623 /* test_ogl */;
			productType = "com.apple.product-type.tool";
		};
/* End PBXNativeTarget section */

/* Begin PBXProject section */
		DDC5293126F8DE4B0019C623 /* Project object */ = {
			isa = PBXProject;
			attributes = {
				LastUpgradeCheck = 1250;
				TargetAttributes = {
					DDC5293826F8DE4C0019C623 = {
						CreatedOnToolsVersion = 12.5.1;
					};
				};
			};
			buildConfigurationList = DDC5293426F8DE4C0019C623 /* Build configuration list for PBXProject "test_ogl" */;
			compatibilityVersion = "Xcode 9.3";
			developmentRegion = en;
			hasScannedForEncodings = 0;
			knownRegions = (
				en,
				Base,
			);
			mainGroup = DDC5293026F8DE4B0019C623;
			productRefGroup = DDC5293A26F8DE4C0019C623 /* Products */;
			projectDirPath = "";
			projectRoot = "";
			targets = (
				DDC5293826F8DE4C0019C623 /* test_ogl */,
			);
		};
/* End PBXProject section */

/* Begin PBXSourcesBuildPhase section */
		DDC5293526F8DE4C0019C623 /* Sources */ = {
			isa = PBXSourcesBuildPhase;
			buildActionMask = 2147483647;
			files = (
				DDC5293D26F8DE4C0019C623 /* main.cpp in Sources */,
			);
			runOnlyForDeploymentPostprocessing = 0;
		};
/* End PBXSourcesBuildPhase section */

/* Begin XCBuildConfiguration section */
		DDC5293E26F8DE4C0019C623 /* Debug */ = {
			isa = XCBuildConfiguration;
			buildSettings = {
				ALWAYS_SEARCH_USER_PATHS = NO;
				CLANG_ANALYZER_NONNULL = YES;
				CLANG_ANALYZER_NUMBER_OBJECT_CONVERSION = YES_AGGRESSIVE;
				CLANG_CXX_LANGUAGE_STANDARD = "gnu++14";
				CLANG_CXX_LIBRARY = "libc++";
				CLANG_ENABLE_MODULES = YES;
				CLANG_ENABLE_OBJC_ARC = YES;
				CLANG_ENABLE_OBJC_WEAK = YES;
				CLANG_WARN_BLOCK_CAPTURE_AUTORELEASING = YES;
				CLANG_WARN_BOOL_CONVERSION = YES;
				CLANG_WARN_COMMA = YES;
				CLANG_WARN_CONSTANT_CONVERSION = YES;
				CLANG_WARN_DEPRECATED_OBJC_IMPLEMENTATIONS = YES;
				CLANG_WARN_DIRECT_OBJC_ISA_USAGE = YES_ERROR;
				CLANG_WARN_DOCUMENTATION_COMMENTS = YES;
				CLANG_WARN_EMPTY_BODY = YES;
				CLANG_WARN_ENUM_CONVERSION = YES;
				CLANG_WARN_INFINITE_RECURSION = YES;
				CLANG_WARN_INT_CONVERSION = YES;
				CLANG_WARN_NON_LITERAL_NULL_CONVERSION = YES;
				CLANG_WARN_OBJC_IMPLICIT_RETAIN_SELF = YES;
				CLANG_WARN_OBJC_LITERAL_CONVERSION = YES;
				CLANG_WARN_OBJC_ROOT_CLASS = YES_ERROR;
				CLANG_WARN_QUOTED_INCLUDE_IN_FRAMEWORK_HEADER = YES;
				CLANG_WARN_RANGE_LOOP_ANALYSIS = YES;
				CLANG_WARN_STRICT_PROTOTYPES = YES;
				CLANG_WARN_SUSPICIOUS_MOVE = YES;
				CLANG_WARN_UNGUARDED_AVAILABILITY = YES_AGGRESSIVE;
				CLANG_WARN_UNREACHABLE_CODE = YES;
				CLANG_WARN__DUPLICATE_METHOD_MATCH = YES;
				COPY_PHASE_STRIP = NO;
				DEBUG_INFORMATION_FORMAT = dwarf;
				ENABLE_STRICT_OBJC_MSGSEND = YES;
				ENABLE_TESTABILITY = YES;
				GCC_C_LANGUAGE_STANDARD = gnu11;
				GCC_DYNAMIC_NO_PIC = NO;
				GCC_NO_COMMON_BLOCKS = YES;
				GCC_OPTIMIZATION_LEVEL = 0;
				GCC_PREPROCESSOR_DEFINITIONS = (
					"DEBUG=1",
					"$(inherited)",
				);
				GCC_WARN_64_TO_32_BIT_CONVERSION = YES;
				GCC_WARN_ABOUT_RETURN_TYPE = YES_ERROR;
				GCC_WARN_UNDECLARED_SELECTOR = YES;
				GCC_WARN_UNINITIALIZED_AUTOS = YES_AGGRESSIVE;
				GCC_WARN_UNUSED_FUNCTION = YES;
				GCC_WARN_UNUSED_VARIABLE = YES;
				MACOSX_DEPLOYMENT_TARGET = 11.3;
				MTL_ENABLE_DEBUG_INFO = INCLUDE_SOURCE;
				MTL_FAST_MATH = YES;
				ONLY_ACTIVE_ARCH = YES;
				SDKROOT = macosx;
			};
			name = Debug;
		};
		DDC5293F26F8DE4C0019C623 /* Release */ = {
			isa = XCBuildConfiguration;
			buildSettings = {
				ALWAYS_SEARCH_USER_PATHS = NO;
				CLANG_ANALYZER_NONNULL = YES;
				CLANG_ANALYZER_NUMBER_OBJECT_CONVERSION = YES_AGGRESSIVE;
				CLANG_CXX_LANGUAGE_STANDARD = "gnu++14";
				CLANG_CXX_LIBRARY = "libc++";
				CLANG_ENABLE_MODULES = YES;
				CLANG_ENABLE_OBJC_ARC = YES;
				CLANG_ENABLE_OBJC_WEAK = YES;
				CLANG_WARN_BLOCK_CAPTURE_AUTORELEASING = YES;
				CLANG_WARN_BOOL_CONVERSION = YES;
				CLANG_WARN_COMMA = YES;
				CLANG_WARN_CONSTANT_CONVERSION = YES;
				CLANG_WARN_DEPRECATED_OBJC_IMPLEMENTATIONS = YES;
				CLANG_WARN_DIRECT_OBJC_ISA_USAGE = YES_ERROR;
				CLANG_WARN_DOCUMENTATION_COMMENTS = YES;
				CLANG_WARN_EMPTY_BODY = YES;
				CLANG_WARN_ENUM_CONVERSION = YES;
				CLANG_WARN_INFINITE_RECURSION = YES;
				CLANG_WARN_INT_CONVERSION = YES;
				CLANG_WARN_NON_LITERAL_NULL_CONVERSION = YES;
				CLANG_WARN_OBJC_IMPLICIT_RETAIN_SELF = YES;
				CLANG_WARN_OBJC_LITERAL_CONVERSION = YES;
				CLANG_WARN_OBJC_ROOT_CLASS = YES_ERROR;
				CLANG_WARN_QUOTED_INCLUDE_IN_FRAMEWORK_HEADER = YES;
				CLANG_WARN_RANGE_LOOP_ANALYSIS = YES;
				CLANG_WARN_STRICT_PROTOTYPES = YES;
				CLANG_WARN_SUSPICIOUS_MOVE = YES;
				CLANG_WARN_UNGUARDED_AVAILABILITY = YES_AGGRESSIVE;
				CLANG_WARN_UNREACHABLE_CODE = YES;
				CLANG_WARN__DUPLICATE_METHOD_MATCH = YES;
				COPY_PHASE_STRIP = NO;
				DEBUG_INFORMATION_FORMAT = "dwarf-with-dsym";
				ENABLE_NS_ASSERTIONS = NO;
				ENABLE_STRICT_OBJC_MSGSEND = YES;
				GCC_C_LANGUAGE_STANDARD = gnu11;
				GCC_NO_COMMON_BLOCKS = YES;
				GCC_WARN_64_TO_32_BIT_CONVERSION = YES;
				GCC_WARN_ABOUT_RETURN_TYPE = YES_ERROR;
				GCC_WARN_UNDECLARED_SELECTOR = YES;
				GCC_WARN_UNINITIALIZED_AUTOS = YES_AGGRESSIVE;
				GCC_WARN_UNUSED_FUNCTION = YES;
				GCC_WARN_UNUSED_VARIABLE = YES;
				MACOSX_DEPLOYMENT_TARGET = 11.3;
				MTL_ENABLE_DEBUG_INFO = NO;
				MTL_FAST_MATH = YES;
				SDKROOT = macosx;
			};
			name = Release;
		};
		DDC5294126F8DE4C0019C623 /* Debug */ = {
			isa = XCBuildConfiguration;
			buildSettings = {
				CODE_SIGN_STYLE = Automatic;
				HEADER_SEARCH_PATHS = (
					/usr/local/include,
					/Users/vadim/homebrew/Cellar,
				);
				LIBRARY_SEARCH_PATHS = (
					/usr/local/lib,
					/Users/vadim/homebrew/Cellar,
				);
				PRODUCT_NAME = "$(TARGET_NAME)";
			};
			name = Debug;
		};
		DDC5294226F8DE4C0019C623 /* Release */ = {
			isa = XCBuildConfiguration;
			buildSettings = {
				CODE_SIGN_STYLE = Automatic;
				HEADER_SEARCH_PATHS = (
					/usr/local/include,
					/Users/vadim/homebrew/Cellar,
				);
				LIBRARY_SEARCH_PATHS = (
					/usr/local/lib,
					/Users/vadim/homebrew/Cellar,
				);
				PRODUCT_NAME = "$(TARGET_NAME)";
			};
			name = Release;
		};
/* End XCBuildConfiguration section */

/* Begin XCConfigurationList section */
		DDC5293426F8DE4C0019C623 /* Build configuration list for PBXProject "test_ogl" */ = {
			isa = XCConfigurationList;
			buildConfigurations = (
				DDC5293E26F8DE4C0019C623 /* Debug */,
				DDC5293F26F8DE4C0019C623 /* Release */,
			);
			defaultConfigurationIsVisible = 0;
			defaultConfigurationName = Release;
		};
		DDC5294026F8DE4C0019C623 /* Build configuration list for PBXNativeTarget "test_ogl" */ = {
			isa = XCConfigurationList;
			buildConfigurations = (
				DDC5294126F8DE4C0019C623 /* Debug */,
				DDC5294226F8DE4C0019C623 /* Release */,
			);
			defaultConfigurationIsVisible = 0;
			defaultConfigurationName = Release;
		};
/* End XCConfigurationList section */
	};
	rootObject = DDC5293126F8DE4B0019C623 /* Project object */;
}
